
Microsoft Visual Studio Solution File, Format Version 12.00
# Visual Studio Version 17
VisualStudioVersion = 17.7.34024.191
MinimumVisualStudioVersion = 10.0.40219.1
Project("{2150E333-8FDC-42A3-9474-1A3956D46DE8}") = "Task0", "Task0", "{60C257AB-53EB-4AC6-A480-2601CD82FAEA}"
EndProject
Project("{FAE04EC0-301F-11D3-BF4B-00C04F79EFBC}") = "Tyuiu.SvitkovIA.Sprint6.Task0.V22.Lib", "Tyuiu.SvitkovIA.Sprint6.Task0.V22.Lib\Tyuiu.SvitkovIA.Sprint6.Task0.V22.Lib.csproj", "{931C44F6-A54B-48D2-B03D-B71CCCCBB0D7}"
EndProject
Project("{FAE04EC0-301F-11D3-BF4B-00C04F79EFBC}") = "Tyuiu.SvitkovIA.Sprint6.Task0.V22.Test", "Tyuiu.SvitkovIA.Sprint6.Task0.V22.Test\Tyuiu.SvitkovIA.Sprint6.Task0.V22.Test.csproj", "{454451B2-7C6A-48C7-8D9F-1CC2D78D0AFC}"
EndProject
Project("{FAE04EC0-301F-11D3-BF4B-00C04F79EFBC}") = "Tyuiu.SvitkovIA.Sprint6.Task0.V22", "Tyuiu.SvitkovIA.Sprint6.Task0.V22\Tyuiu.SvitkovIA.Sprint6.Task0.V22.csproj", "{4DB8DE45-797E-4651-A771-09CCE0251F2C}"
EndProject
Project("{2150E333-8FDC-42A3-9474-1A3956D46DE8}") = "Task1", "Task1", "{6BC4D1EC-4CD6-4E07-8C8E-CE9E67410AFB}"
EndProject
Project("{FAE04EC0-301F-11D3-BF4B-00C04F79EFBC}") = "Tyuiu.SvitkovIA.Sprint6.Task1.V19.Lib", "Tyuiu.SvitkovIA.Sprint6.Task1.V19.Lib\Tyuiu.SvitkovIA.Sprint6.Task1.V19.Lib.csproj", "{9B5C1869-9ABE-4353-9398-E45AF9171DB9}"
EndProject
Project("{FAE04EC0-301F-11D3-BF4B-00C04F79EFBC}") = "Tyuiu.SvitkovIA.Sprint6.Task1.V19.Test", "Tyuiu.SvitkovIA.Sprint6.Task1.V19.Test\Tyuiu.SvitkovIA.Sprint6.Task1.V19.Test.csproj", "{D9B61BB6-9220-40D8-BB80-CAEB09DC62FB}"
EndProject
Project("{FAE04EC0-301F-11D3-BF4B-00C04F79EFBC}") = "Tyuiu.SvitkovIA.Sprint6.Task1.V19", "Tyuiu.SvitkovIA.Sprint6.Task1.V19\Tyuiu.SvitkovIA.Sprint6.Task1.V19.csproj", "{64039F27-1FD0-40B0-BE79-B6B2199800D8}"
EndProject
Project("{2150E333-8FDC-42A3-9474-1A3956D46DE8}") = "Task2", "Task2", "{31CBE3E2-6D90-4165-8A0D-F6EA0507A68E}"
EndProject
Project("{FAE04EC0-301F-11D3-BF4B-00C04F79EFBC}") = "Tyuiu.SvitkovIA.Sprint6.Task2.V30.Lib", "Tyuiu.SvitkovIA.Sprint6.Task2.V30.Lib\Tyuiu.SvitkovIA.Sprint6.Task2.V30.Lib.csproj", "{1C1E863A-E575-4443-9F35-D37FF50EB469}"
EndProject
Project("{FAE04EC0-301F-11D3-BF4B-00C04F79EFBC}") = "Tyuiu.SvitkovIA.Sprint6.Task2.V30.Test", "Tyuiu.SvitkovIA.Sprint6.Task2.V30.Test\Tyuiu.SvitkovIA.Sprint6.Task2.V30.Test.csproj", "{68349D88-84F4-4599-957F-9136FBF2B3F9}"
EndProject
Project("{FAE04EC0-301F-11D3-BF4B-00C04F79EFBC}") = "Tyuiu.SvitkovIA.Sprint6.Task2.V30", "Tyuiu.SvitkovIA.Sprint6.Task2.V30\Tyuiu.SvitkovIA.Sprint6.Task2.V30.csproj", "{17FC848A-00CF-4B90-BB50-85E39713AF5F}"
EndProject
Project("{2150E333-8FDC-42A3-9474-1A3956D46DE8}") = "Task3", "Task3", "{C1048C09-2A46-4D57-9273-9E4BD41B3B76}"
EndProject
Project("{FAE04EC0-301F-11D3-BF4B-00C04F79EFBC}") = "Tyuiu.SvitkovIA.Sprint6.Task3.V5.Lib", "Tyuiu.SvitkovIA.Sprint6.Task3.V5.Lib\Tyuiu.SvitkovIA.Sprint6.Task3.V5.Lib.csproj", "{ED7EA730-0DAC-4D6A-9490-D99CDE70F92A}"
EndProject
Project("{FAE04EC0-301F-11D3-BF4B-00C04F79EFBC}") = "Tyuiu.SvitkovIA.Sprint6.Task3.V5.Test", "Tyuiu.SvitkovIA.Sprint6.Task3.V5.Test\Tyuiu.SvitkovIA.Sprint6.Task3.V5.Test.csproj", "{29CDA175-27B5-49B6-96E6-BB1BAA1B4223}"
EndProject
Project("{FAE04EC0-301F-11D3-BF4B-00C04F79EFBC}") = "Tyuiu.SvitkovIA.Sprint6.Task3.V5", "Tyuiu.SvitkovIA.Sprint6.Task3.V5\Tyuiu.SvitkovIA.Sprint6.Task3.V5.csproj", "{57C2A9E6-DBA9-4259-BE01-1F04D0D45CB7}"
EndProject
Project("{2150E333-8FDC-42A3-9474-1A3956D46DE8}") = "Task4", "Task4", "{C623B9C6-E559-4C0A-94C0-05A5E719F730}"
EndProject
Project("{FAE04EC0-301F-11D3-BF4B-00C04F79EFBC}") = "Tyuiu.SvitkovIA.Sprint6.Task4.V29.Lib", "Tyuiu.SvitkovIA.Sprint6.Task4.V29.Lib\Tyuiu.SvitkovIA.Sprint6.Task4.V29.Lib.csproj", "{69A11F64-FCFF-42E1-B55D-911E5C8A3299}"
EndProject
Project("{FAE04EC0-301F-11D3-BF4B-00C04F79EFBC}") = "Tyuiu.SvitkovIA.Sprint6.Task4.V29.Test", "Tyuiu.SvitkovIA.Sprint6.Task4.V29.Test\Tyuiu.SvitkovIA.Sprint6.Task4.V29.Test.csproj", "{25656791-5A16-42AF-A3F7-AED95D3E64EB}"
EndProject
Project("{FAE04EC0-301F-11D3-BF4B-00C04F79EFBC}") = "Tyuiu.SvitkovIA.Sprint6.Task4.V29", "Tyuiu.SvitkovIA.Sprint6.Task4.V29\Tyuiu.SvitkovIA.Sprint6.Task4.V29.csproj", "{7F20ECAC-D417-4D02-828A-3D3755B456F4}"
EndProject
Project("{2150E333-8FDC-42A3-9474-1A3956D46DE8}") = "Task5", "Task5", "{4BD84858-DAEC-404B-A54A-577DF73FA770}"
EndProject
Project("{FAE04EC0-301F-11D3-BF4B-00C04F79EFBC}") = "Tyuiu.SvitkovIA.Sprint6.Task5.V18.Lib", "Tyuiu.SvitkovIA.Sprint6.Task5.V18.Lib\Tyuiu.SvitkovIA.Sprint6.Task5.V18.Lib.csproj", "{8E38357D-23EC-4F02-909A-637AB235F5D2}"
EndProject
Project("{FAE04EC0-301F-11D3-BF4B-00C04F79EFBC}") = "Tyuiu.SvitkovIA.Sprint6.Task5.V18.Test", "Tyuiu.SvitkovIA.Sprint6.Task5.V18.Test\Tyuiu.SvitkovIA.Sprint6.Task5.V18.Test.csproj", "{10106811-E361-4ADC-8F46-4919C1495AA5}"
EndProject
Project("{FAE04EC0-301F-11D3-BF4B-00C04F79EFBC}") = "Tyuiu.SvitkovIA.Sprint6.Task5.V18", "Tyuiu.SvitkovIA.Sprint6.Task5.V18\Tyuiu.SvitkovIA.Sprint6.Task5.V18.csproj", "{01985DE5-5DD3-4397-8ED2-DA6D497D211C}"
EndProject
Project("{2150E333-8FDC-42A3-9474-1A3956D46DE8}") = "Task6", "Task6", "{776086FF-0F54-450A-90DD-21F991E82E82}"
EndProject
Project("{FAE04EC0-301F-11D3-BF4B-00C04F79EFBC}") = "Tyuiu.SvitkovIA.Sprint6.Task6.V22.Lib", "Tyuiu.SvitkovIA.Sprint6.Task6.V22.Lib\Tyuiu.SvitkovIA.Sprint6.Task6.V22.Lib.csproj", "{9092B5C4-AB00-46FA-AA1B-C07383225200}"
EndProject
Project("{FAE04EC0-301F-11D3-BF4B-00C04F79EFBC}") = "Tyuiu.SvitkovIA.Sprint6.Task6.V22.Test", "Tyuiu.SvitkovIA.Sprint6.Task6.V22.Test\Tyuiu.SvitkovIA.Sprint6.Task6.V22.Test.csproj", "{777C17B6-B286-4A13-8A7D-3B6ED08418AE}"
EndProject
Project("{FAE04EC0-301F-11D3-BF4B-00C04F79EFBC}") = "Tyuiu.SvitkovIA.Sprint6.Task6.V22", "Tyuiu.SvitkovIA.Sprint6.Task6.V22\Tyuiu.SvitkovIA.Sprint6.Task6.V22.csproj", "{0560BD1A-C7B1-4931-A3EB-5652CA012614}"
EndProject
Global
	GlobalSection(SolutionConfigurationPlatforms) = preSolution
		Debug|Any CPU = Debug|Any CPU
		Release|Any CPU = Release|Any CPU
	EndGlobalSection
	GlobalSection(ProjectConfigurationPlatforms) = postSolution
		{931C44F6-A54B-48D2-B03D-B71CCCCBB0D7}.Debug|Any CPU.ActiveCfg = Debug|Any CPU
		{931C44F6-A54B-48D2-B03D-B71CCCCBB0D7}.Debug|Any CPU.Build.0 = Debug|Any CPU
		{931C44F6-A54B-48D2-B03D-B71CCCCBB0D7}.Release|Any CPU.ActiveCfg = Release|Any CPU
		{931C44F6-A54B-48D2-B03D-B71CCCCBB0D7}.Release|Any CPU.Build.0 = Release|Any CPU
		{454451B2-7C6A-48C7-8D9F-1CC2D78D0AFC}.Debug|Any CPU.ActiveCfg = Debug|Any CPU
		{454451B2-7C6A-48C7-8D9F-1CC2D78D0AFC}.Debug|Any CPU.Build.0 = Debug|Any CPU
		{454451B2-7C6A-48C7-8D9F-1CC2D78D0AFC}.Release|Any CPU.ActiveCfg = Release|Any CPU
		{454451B2-7C6A-48C7-8D9F-1CC2D78D0AFC}.Release|Any CPU.Build.0 = Release|Any CPU
		{4DB8DE45-797E-4651-A771-09CCE0251F2C}.Debug|Any CPU.ActiveCfg = Debug|Any CPU
		{4DB8DE45-797E-4651-A771-09CCE0251F2C}.Debug|Any CPU.Build.0 = Debug|Any CPU
		{4DB8DE45-797E-4651-A771-09CCE0251F2C}.Release|Any CPU.ActiveCfg = Release|Any CPU
		{4DB8DE45-797E-4651-A771-09CCE0251F2C}.Release|Any CPU.Build.0 = Release|Any CPU
		{9B5C1869-9ABE-4353-9398-E45AF9171DB9}.Debug|Any CPU.ActiveCfg = Debug|Any CPU
		{9B5C1869-9ABE-4353-9398-E45AF9171DB9}.Debug|Any CPU.Build.0 = Debug|Any CPU
		{9B5C1869-9ABE-4353-9398-E45AF9171DB9}.Release|Any CPU.ActiveCfg = Release|Any CPU
		{9B5C1869-9ABE-4353-9398-E45AF9171DB9}.Release|Any CPU.Build.0 = Release|Any CPU
		{D9B61BB6-9220-40D8-BB80-CAEB09DC62FB}.Debug|Any CPU.ActiveCfg = Debug|Any CPU
		{D9B61BB6-9220-40D8-BB80-CAEB09DC62FB}.Debug|Any CPU.Build.0 = Debug|Any CPU
		{D9B61BB6-9220-40D8-BB80-CAEB09DC62FB}.Release|Any CPU.ActiveCfg = Release|Any CPU
		{D9B61BB6-9220-40D8-BB80-CAEB09DC62FB}.Release|Any CPU.Build.0 = Release|Any CPU
		{64039F27-1FD0-40B0-BE79-B6B2199800D8}.Debug|Any CPU.ActiveCfg = Debug|Any CPU
		{64039F27-1FD0-40B0-BE79-B6B2199800D8}.Debug|Any CPU.Build.0 = Debug|Any CPU
		{64039F27-1FD0-40B0-BE79-B6B2199800D8}.Release|Any CPU.ActiveCfg = Release|Any CPU
		{64039F27-1FD0-40B0-BE79-B6B2199800D8}.Release|Any CPU.Build.0 = Release|Any CPU
		{1C1E863A-E575-4443-9F35-D37FF50EB469}.Debug|Any CPU.ActiveCfg = Debug|Any CPU
		{1C1E863A-E575-4443-9F35-D37FF50EB469}.Debug|Any CPU.Build.0 = Debug|Any CPU
		{1C1E863A-E575-4443-9F35-D37FF50EB469}.Release|Any CPU.ActiveCfg = Release|Any CPU
		{1C1E863A-E575-4443-9F35-D37FF50EB469}.Release|Any CPU.Build.0 = Release|Any CPU
		{68349D88-84F4-4599-957F-9136FBF2B3F9}.Debug|Any CPU.ActiveCfg = Debug|Any CPU
		{68349D88-84F4-4599-957F-9136FBF2B3F9}.Debug|Any CPU.Build.0 = Debug|Any CPU
		{68349D88-84F4-4599-957F-9136FBF2B3F9}.Release|Any CPU.ActiveCfg = Release|Any CPU
		{68349D88-84F4-4599-957F-9136FBF2B3F9}.Release|Any CPU.Build.0 = Release|Any CPU
		{17FC848A-00CF-4B90-BB50-85E39713AF5F}.Debug|Any CPU.ActiveCfg = Debug|Any CPU
		{17FC848A-00CF-4B90-BB50-85E39713AF5F}.Debug|Any CPU.Build.0 = Debug|Any CPU
		{17FC848A-00CF-4B90-BB50-85E39713AF5F}.Release|Any CPU.ActiveCfg = Release|Any CPU
		{17FC848A-00CF-4B90-BB50-85E39713AF5F}.Release|Any CPU.Build.0 = Release|Any CPU
		{ED7EA730-0DAC-4D6A-9490-D99CDE70F92A}.Debug|Any CPU.ActiveCfg = Debug|Any CPU
		{ED7EA730-0DAC-4D6A-9490-D99CDE70F92A}.Debug|Any CPU.Build.0 = Debug|Any CPU
		{ED7EA730-0DAC-4D6A-9490-D99CDE70F92A}.Release|Any CPU.ActiveCfg = Release|Any CPU
		{ED7EA730-0DAC-4D6A-9490-D99CDE70F92A}.Release|Any CPU.Build.0 = Release|Any CPU
		{29CDA175-27B5-49B6-96E6-BB1BAA1B4223}.Debug|Any CPU.ActiveCfg = Debug|Any CPU
		{29CDA175-27B5-49B6-96E6-BB1BAA1B4223}.Debug|Any CPU.Build.0 = Debug|Any CPU
		{29CDA175-27B5-49B6-96E6-BB1BAA1B4223}.Release|Any CPU.ActiveCfg = Release|Any CPU
		{29CDA175-27B5-49B6-96E6-BB1BAA1B4223}.Release|Any CPU.Build.0 = Release|Any CPU
		{57C2A9E6-DBA9-4259-BE01-1F04D0D45CB7}.Debug|Any CPU.ActiveCfg = Debug|Any CPU
		{57C2A9E6-DBA9-4259-BE01-1F04D0D45CB7}.Debug|Any CPU.Build.0 = Debug|Any CPU
		{57C2A9E6-DBA9-4259-BE01-1F04D0D45CB7}.Release|Any CPU.ActiveCfg = Release|Any CPU
		{57C2A9E6-DBA9-4259-BE01-1F04D0D45CB7}.Release|Any CPU.Build.0 = Release|Any CPU
		{69A11F64-FCFF-42E1-B55D-911E5C8A3299}.Debug|Any CPU.ActiveCfg = Debug|Any CPU
		{69A11F64-FCFF-42E1-B55D-911E5C8A3299}.Debug|Any CPU.Build.0 = Debug|Any CPU
		{69A11F64-FCFF-42E1-B55D-911E5C8A3299}.Release|Any CPU.ActiveCfg = Release|Any CPU
		{69A11F64-FCFF-42E1-B55D-911E5C8A3299}.Release|Any CPU.Build.0 = Release|Any CPU
		{25656791-5A16-42AF-A3F7-AED95D3E64EB}.Debug|Any CPU.ActiveCfg = Debug|Any CPU
		{25656791-5A16-42AF-A3F7-AED95D3E64EB}.Debug|Any CPU.Build.0 = Debug|Any CPU
		{25656791-5A16-42AF-A3F7-AED95D3E64EB}.Release|Any CPU.ActiveCfg = Release|Any CPU
		{25656791-5A16-42AF-A3F7-AED95D3E64EB}.Release|Any CPU.Build.0 = Release|Any CPU
		{7F20ECAC-D417-4D02-828A-3D3755B456F4}.Debug|Any CPU.ActiveCfg = Debug|Any CPU
		{7F20ECAC-D417-4D02-828A-3D3755B456F4}.Debug|Any CPU.Build.0 = Debug|Any CPU
		{7F20ECAC-D417-4D02-828A-3D3755B456F4}.Release|Any CPU.ActiveCfg = Release|Any CPU
		{7F20ECAC-D417-4D02-828A-3D3755B456F4}.Release|Any CPU.Build.0 = Release|Any CPU
		{8E38357D-23EC-4F02-909A-637AB235F5D2}.Debug|Any CPU.ActiveCfg = Debug|Any CPU
		{8E38357D-23EC-4F02-909A-637AB235F5D2}.Debug|Any CPU.Build.0 = Debug|Any CPU
		{8E38357D-23EC-4F02-909A-637AB235F5D2}.Release|Any CPU.ActiveCfg = Release|Any CPU
		{8E38357D-23EC-4F02-909A-637AB235F5D2}.Release|Any CPU.Build.0 = Release|Any CPU
		{10106811-E361-4ADC-8F46-4919C1495AA5}.Debug|Any CPU.ActiveCfg = Debug|Any CPU
		{10106811-E361-4ADC-8F46-4919C1495AA5}.Debug|Any CPU.Build.0 = Debug|Any CPU
		{10106811-E361-4ADC-8F46-4919C1495AA5}.Release|Any CPU.ActiveCfg = Release|Any CPU
		{10106811-E361-4ADC-8F46-4919C1495AA5}.Release|Any CPU.Build.0 = Release|Any CPU
		{01985DE5-5DD3-4397-8ED2-DA6D497D211C}.Debug|Any CPU.ActiveCfg = Debug|Any CPU
		{01985DE5-5DD3-4397-8ED2-DA6D497D211C}.Debug|Any CPU.Build.0 = Debug|Any CPU
		{01985DE5-5DD3-4397-8ED2-DA6D497D211C}.Release|Any CPU.ActiveCfg = Release|Any CPU
		{01985DE5-5DD3-4397-8ED2-DA6D497D211C}.Release|Any CPU.Build.0 = Release|Any CPU
		{9092B5C4-AB00-46FA-AA1B-C07383225200}.Debug|Any CPU.ActiveCfg = Debug|Any CPU
		{9092B5C4-AB00-46FA-AA1B-C07383225200}.Debug|Any CPU.Build.0 = Debug|Any CPU
		{9092B5C4-AB00-46FA-AA1B-C07383225200}.Release|Any CPU.ActiveCfg = Release|Any CPU
		{9092B5C4-AB00-46FA-AA1B-C07383225200}.Release|Any CPU.Build.0 = Release|Any CPU
		{777C17B6-B286-4A13-8A7D-3B6ED08418AE}.Debug|Any CPU.ActiveCfg = Debug|Any CPU
		{777C17B6-B286-4A13-8A7D-3B6ED08418AE}.Debug|Any CPU.Build.0 = Debug|Any CPU
		{777C17B6-B286-4A13-8A7D-3B6ED08418AE}.Release|Any CPU.ActiveCfg = Release|Any CPU
		{777C17B6-B286-4A13-8A7D-3B6ED08418AE}.Release|Any CPU.Build.0 = Release|Any CPU
		{0560BD1A-C7B1-4931-A3EB-5652CA012614}.Debug|Any CPU.ActiveCfg = Debug|Any CPU
		{0560BD1A-C7B1-4931-A3EB-5652CA012614}.Debug|Any CPU.Build.0 = Debug|Any CPU
		{0560BD1A-C7B1-4931-A3EB-5652CA012614}.Release|Any CPU.ActiveCfg = Release|Any CPU
		{0560BD1A-C7B1-4931-A3EB-5652CA012614}.Release|Any CPU.Build.0 = Release|Any CPU
	EndGlobalSection
	GlobalSection(SolutionProperties) = preSolution
		HideSolutionNode = FALSE
	EndGlobalSection
	GlobalSection(NestedProjects) = preSolution
		{931C44F6-A54B-48D2-B03D-B71CCCCBB0D7} = {60C257AB-53EB-4AC6-A480-2601CD82FAEA}
		{454451B2-7C6A-48C7-8D9F-1CC2D78D0AFC} = {60C257AB-53EB-4AC6-A480-2601CD82FAEA}
		{4DB8DE45-797E-4651-A771-09CCE0251F2C} = {60C257AB-53EB-4AC6-A480-2601CD82FAEA}
		{9B5C1869-9ABE-4353-9398-E45AF9171DB9} = {6BC4D1EC-4CD6-4E07-8C8E-CE9E67410AFB}
		{D9B61BB6-9220-40D8-BB80-CAEB09DC62FB} = {6BC4D1EC-4CD6-4E07-8C8E-CE9E67410AFB}
		{64039F27-1FD0-40B0-BE79-B6B2199800D8} = {6BC4D1EC-4CD6-4E07-8C8E-CE9E67410AFB}
		{1C1E863A-E575-4443-9F35-D37FF50EB469} = {31CBE3E2-6D90-4165-8A0D-F6EA0507A68E}
		{68349D88-84F4-4599-957F-9136FBF2B3F9} = {31CBE3E2-6D90-4165-8A0D-F6EA0507A68E}
		{17FC848A-00CF-4B90-BB50-85E39713AF5F} = {31CBE3E2-6D90-4165-8A0D-F6EA0507A68E}
		{ED7EA730-0DAC-4D6A-9490-D99CDE70F92A} = {C1048C09-2A46-4D57-9273-9E4BD41B3B76}
		{29CDA175-27B5-49B6-96E6-BB1BAA1B4223} = {C1048C09-2A46-4D57-9273-9E4BD41B3B76}
		{57C2A9E6-DBA9-4259-BE01-1F04D0D45CB7} = {C1048C09-2A46-4D57-9273-9E4BD41B3B76}
		{69A11F64-FCFF-42E1-B55D-911E5C8A3299} = {C623B9C6-E559-4C0A-94C0-05A5E719F730}
		{25656791-5A16-42AF-A3F7-AED95D3E64EB} = {C623B9C6-E559-4C0A-94C0-05A5E719F730}
		{7F20ECAC-D417-4D02-828A-3D3755B456F4} = {C623B9C6-E559-4C0A-94C0-05A5E719F730}
		{8E38357D-23EC-4F02-909A-637AB235F5D2} = {4BD84858-DAEC-404B-A54A-577DF73FA770}
		{10106811-E361-4ADC-8F46-4919C1495AA5} = {4BD84858-DAEC-404B-A54A-577DF73FA770}
		{01985DE5-5DD3-4397-8ED2-DA6D497D211C} = {4BD84858-DAEC-404B-A54A-577DF73FA770}
		{9092B5C4-AB00-46FA-AA1B-C07383225200} = {776086FF-0F54-450A-90DD-21F991E82E82}
		{777C17B6-B286-4A13-8A7D-3B6ED08418AE} = {776086FF-0F54-450A-90DD-21F991E82E82}
		{0560BD1A-C7B1-4931-A3EB-5652CA012614} = {776086FF-0F54-450A-90DD-21F991E82E82}
	EndGlobalSection
	GlobalSection(ExtensibilityGlobals) = postSolution
		SolutionGuid = {73772EA0-E072-4BB2-97E8-B0FB08347048}
	EndGlobalSection
EndGlobal
